
Microsoft Visual Studio Solution File, Format Version 12.00
# Visual Studio Version 17
VisualStudioVersion = 17.0.31912.275
MinimumVisualStudioVersion = 10.0.40219.1
Project("{8BC9CEB8-8B4A-11D0-8D11-00A0C91BC942}") = "tcp_many_server_iocp", "tcp_many_server_iocp\tcp_many_server_iocp.vcxproj", "{87221B90-34CB-4A7B-BDF3-D30F3C65F181}"
EndProject
Project("{8BC9CEB8-8B4A-11D0-8D11-00A0C91BC942}") = "ImaysNet", "ImaysNet\ImaysNet.vcxproj", "{491FAA36-D2DB-4772-AD85-7E0B0305F665}"
EndProject
Global
	GlobalSection(SolutionConfigurationPlatforms) = preSolution
		Debug|x64 = Debug|x64
		Debug|x86 = Debug|x86
		Release|x64 = Release|x64
		Release|x86 = Release|x86
	EndGlobalSection
	GlobalSection(ProjectConfigurationPlatforms) = postSolution
		{87221B90-34CB-4A7B-BDF3-D30F3C65F181}.Debug|x64.ActiveCfg = Debug|x64
		{87221B90-34CB-4A7B-BDF3-D30F3C65F181}.Debug|x64.Build.0 = Debug|x64
		{87221B90-34CB-4A7B-BDF3-D30F3C65F181}.Debug|x86.ActiveCfg = Debug|Win32
		{87221B90-34CB-4A7B-BDF3-D30F3C65F181}.Debug|x86.Build.0 = Debug|Win32
		{87221B90-34CB-4A7B-BDF3-D30F3C65F181}.Release|x64.ActiveCfg = Release|x64
		{87221B90-34CB-4A7B-BDF3-D30F3C65F181}.Release|x64.Build.0 = Release|x64
		{87221B90-34CB-4A7B-BDF3-D30F3C65F181}.Release|x86.ActiveCfg = Release|Win32
		{87221B90-34CB-4A7B-BDF3-D30F3C65F181}.Release|x86.Build.0 = Release|Win32
		{491FAA36-D2DB-4772-AD85-7E0B0305F665}.Debug|x64.ActiveCfg = Debug|x64
		{491FAA36-D2DB-4772-AD85-7E0B0305F665}.Debug|x64.Build.0 = Debug|x64
		{491FAA36-D2DB-4772-AD85-7E0B0305F665}.Debug|x86.ActiveCfg = Debug|Win32
		{491FAA36-D2DB-4772-AD85-7E0B0305F665}.Debug|x86.Build.0 = Debug|Win32
		{491FAA36-D2DB-4772-AD85-7E0B0305F665}.Release|x64.ActiveCfg = Release|x64
		{491FAA36-D2DB-4772-AD85-7E0B0305F665}.Release|x64.Build.0 = Release|x64
		{491FAA36-D2DB-4772-AD85-7E0B0305F665}.Release|x86.ActiveCfg = Release|Win32
		{491FAA36-D2DB-4772-AD85-7E0B0305F665}.Release|x86.Build.0 = Release|Win32
	EndGlobalSection
	GlobalSection(SolutionProperties) = preSolution
		HideSolutionNode = FALSE
	EndGlobalSection
	GlobalSection(ExtensibilityGlobals) = postSolution
		SolutionGuid = {EB2F5460-C375-447C-9C46-BC115E80EFAE}
	EndGlobalSection
EndGlobal
